
Microsoft Visual Studio Solution File, Format Version 12.00
# Visual Studio 14
VisualStudioVersion = 14.0.25420.1
MinimumVisualStudioVersion = 10.0.40219.1
Project("{FAE04EC0-301F-11D3-BF4B-00C04F79EFBC}") = "WKEU_BESR.Droid", "WKEU_BESR\WKEU_BESR.Droid\WKEU_BESR.Droid.csproj", "{265E1A04-7B94-4A70-AAA9-FE891A60F439}"
EndProject
Project("{FAE04EC0-301F-11D3-BF4B-00C04F79EFBC}") = "WKEU_BESR.iOS", "WKEU_BESR\WKEU_BESR.iOS\WKEU_BESR.iOS.csproj", "{38C32071-5158-4BAB-AF02-686E25C02D13}"
EndProject
Project("{FAE04EC0-301F-11D3-BF4B-00C04F79EFBC}") = "WKEU_BESR.WinPhone", "WKEU_BESR\WKEU_BESR.WinPhone\WKEU_BESR.WinPhone.csproj", "{AE04A971-1D7C-4B5A-A5F0-F3AF82488332}"
EndProject
Project("{FAE04EC0-301F-11D3-BF4B-00C04F79EFBC}") = "WKEU_BESR.Windows", "WKEU_BESR\WKEU_BESR.Windows\WKEU_BESR.Windows.csproj", "{BEF3E88E-0152-4733-B17D-0673FADF47FF}"
EndProject
Project("{FAE04EC0-301F-11D3-BF4B-00C04F79EFBC}") = "WKEU_BESR", "WKEU_BESR\WKEU_BESR\WKEU_BESR.csproj", "{930AF388-CFC0-4D40-8BF6-864807E03601}"
EndProject
Global
	GlobalSection(SolutionConfigurationPlatforms) = preSolution
		Ad-Hoc|Any CPU = Ad-Hoc|Any CPU
		Ad-Hoc|ARM = Ad-Hoc|ARM
		Ad-Hoc|iPhone = Ad-Hoc|iPhone
		Ad-Hoc|iPhoneSimulator = Ad-Hoc|iPhoneSimulator
		Ad-Hoc|x64 = Ad-Hoc|x64
		Ad-Hoc|x86 = Ad-Hoc|x86
		AppStore|Any CPU = AppStore|Any CPU
		AppStore|ARM = AppStore|ARM
		AppStore|iPhone = AppStore|iPhone
		AppStore|iPhoneSimulator = AppStore|iPhoneSimulator
		AppStore|x64 = AppStore|x64
		AppStore|x86 = AppStore|x86
		Debug|Any CPU = Debug|Any CPU
		Debug|ARM = Debug|ARM
		Debug|iPhone = Debug|iPhone
		Debug|iPhoneSimulator = Debug|iPhoneSimulator
		Debug|x64 = Debug|x64
		Debug|x86 = Debug|x86
		Release|Any CPU = Release|Any CPU
		Release|ARM = Release|ARM
		Release|iPhone = Release|iPhone
		Release|iPhoneSimulator = Release|iPhoneSimulator
		Release|x64 = Release|x64
		Release|x86 = Release|x86
	EndGlobalSection
	GlobalSection(ProjectConfigurationPlatforms) = postSolution
		{265E1A04-7B94-4A70-AAA9-FE891A60F439}.Ad-Hoc|Any CPU.ActiveCfg = Release|Any CPU
		{265E1A04-7B94-4A70-AAA9-FE891A60F439}.Ad-Hoc|Any CPU.Build.0 = Release|Any CPU
		{265E1A04-7B94-4A70-AAA9-FE891A60F439}.Ad-Hoc|Any CPU.Deploy.0 = Release|Any CPU
		{265E1A04-7B94-4A70-AAA9-FE891A60F439}.Ad-Hoc|ARM.ActiveCfg = Release|Any CPU
		{265E1A04-7B94-4A70-AAA9-FE891A60F439}.Ad-Hoc|ARM.Build.0 = Release|Any CPU
		{265E1A04-7B94-4A70-AAA9-FE891A60F439}.Ad-Hoc|ARM.Deploy.0 = Release|Any CPU
		{265E1A04-7B94-4A70-AAA9-FE891A60F439}.Ad-Hoc|iPhone.ActiveCfg = Release|Any CPU
		{265E1A04-7B94-4A70-AAA9-FE891A60F439}.Ad-Hoc|iPhone.Build.0 = Release|Any CPU
		{265E1A04-7B94-4A70-AAA9-FE891A60F439}.Ad-Hoc|iPhone.Deploy.0 = Release|Any CPU
		{265E1A04-7B94-4A70-AAA9-FE891A60F439}.Ad-Hoc|iPhoneSimulator.ActiveCfg = Release|Any CPU
		{265E1A04-7B94-4A70-AAA9-FE891A60F439}.Ad-Hoc|iPhoneSimulator.Build.0 = Release|Any CPU
		{265E1A04-7B94-4A70-AAA9-FE891A60F439}.Ad-Hoc|iPhoneSimulator.Deploy.0 = Release|Any CPU
		{265E1A04-7B94-4A70-AAA9-FE891A60F439}.Ad-Hoc|x64.ActiveCfg = Release|Any CPU
		{265E1A04-7B94-4A70-AAA9-FE891A60F439}.Ad-Hoc|x64.Build.0 = Release|Any CPU
		{265E1A04-7B94-4A70-AAA9-FE891A60F439}.Ad-Hoc|x64.Deploy.0 = Release|Any CPU
		{265E1A04-7B94-4A70-AAA9-FE891A60F439}.Ad-Hoc|x86.ActiveCfg = Release|Any CPU
		{265E1A04-7B94-4A70-AAA9-FE891A60F439}.Ad-Hoc|x86.Build.0 = Release|Any CPU
		{265E1A04-7B94-4A70-AAA9-FE891A60F439}.Ad-Hoc|x86.Deploy.0 = Release|Any CPU
		{265E1A04-7B94-4A70-AAA9-FE891A60F439}.AppStore|Any CPU.ActiveCfg = Release|Any CPU
		{265E1A04-7B94-4A70-AAA9-FE891A60F439}.AppStore|Any CPU.Build.0 = Release|Any CPU
		{265E1A04-7B94-4A70-AAA9-FE891A60F439}.AppStore|Any CPU.Deploy.0 = Release|Any CPU
		{265E1A04-7B94-4A70-AAA9-FE891A60F439}.AppStore|ARM.ActiveCfg = Release|Any CPU
		{265E1A04-7B94-4A70-AAA9-FE891A60F439}.AppStore|ARM.Build.0 = Release|Any CPU
		{265E1A04-7B94-4A70-AAA9-FE891A60F439}.AppStore|ARM.Deploy.0 = Release|Any CPU
		{265E1A04-7B94-4A70-AAA9-FE891A60F439}.AppStore|iPhone.ActiveCfg = Release|Any CPU
		{265E1A04-7B94-4A70-AAA9-FE891A60F439}.AppStore|iPhone.Build.0 = Release|Any CPU
		{265E1A04-7B94-4A70-AAA9-FE891A60F439}.AppStore|iPhone.Deploy.0 = Release|Any CPU
		{265E1A04-7B94-4A70-AAA9-FE891A60F439}.AppStore|iPhoneSimulator.ActiveCfg = Release|Any CPU
		{265E1A04-7B94-4A70-AAA9-FE891A60F439}.AppStore|iPhoneSimulator.Build.0 = Release|Any CPU
		{265E1A04-7B94-4A70-AAA9-FE891A60F439}.AppStore|iPhoneSimulator.Deploy.0 = Release|Any CPU
		{265E1A04-7B94-4A70-AAA9-FE891A60F439}.AppStore|x64.ActiveCfg = Release|Any CPU
		{265E1A04-7B94-4A70-AAA9-FE891A60F439}.AppStore|x64.Build.0 = Release|Any CPU
		{265E1A04-7B94-4A70-AAA9-FE891A60F439}.AppStore|x64.Deploy.0 = Release|Any CPU
		{265E1A04-7B94-4A70-AAA9-FE891A60F439}.AppStore|x86.ActiveCfg = Release|Any CPU
		{265E1A04-7B94-4A70-AAA9-FE891A60F439}.AppStore|x86.Build.0 = Release|Any CPU
		{265E1A04-7B94-4A70-AAA9-FE891A60F439}.AppStore|x86.Deploy.0 = Release|Any CPU
		{265E1A04-7B94-4A70-AAA9-FE891A60F439}.Debug|Any CPU.ActiveCfg = Debug|Any CPU
		{265E1A04-7B94-4A70-AAA9-FE891A60F439}.Debug|Any CPU.Build.0 = Debug|Any CPU
		{265E1A04-7B94-4A70-AAA9-FE891A60F439}.Debug|Any CPU.Deploy.0 = Debug|Any CPU
		{265E1A04-7B94-4A70-AAA9-FE891A60F439}.Debug|ARM.ActiveCfg = Debug|Any CPU
		{265E1A04-7B94-4A70-AAA9-FE891A60F439}.Debug|ARM.Build.0 = Debug|Any CPU
		{265E1A04-7B94-4A70-AAA9-FE891A60F439}.Debug|ARM.Deploy.0 = Debug|Any CPU
		{265E1A04-7B94-4A70-AAA9-FE891A60F439}.Debug|iPhone.ActiveCfg = Debug|Any CPU
		{265E1A04-7B94-4A70-AAA9-FE891A60F439}.Debug|iPhone.Build.0 = Debug|Any CPU
		{265E1A04-7B94-4A70-AAA9-FE891A60F439}.Debug|iPhone.Deploy.0 = Debug|Any CPU
		{265E1A04-7B94-4A70-AAA9-FE891A60F439}.Debug|iPhoneSimulator.ActiveCfg = Debug|Any CPU
		{265E1A04-7B94-4A70-AAA9-FE891A60F439}.Debug|iPhoneSimulator.Build.0 = Debug|Any CPU
		{265E1A04-7B94-4A70-AAA9-FE891A60F439}.Debug|iPhoneSimulator.Deploy.0 = Debug|Any CPU
		{265E1A04-7B94-4A70-AAA9-FE891A60F439}.Debug|x64.ActiveCfg = Debug|Any CPU
		{265E1A04-7B94-4A70-AAA9-FE891A60F439}.Debug|x64.Build.0 = Debug|Any CPU
		{265E1A04-7B94-4A70-AAA9-FE891A60F439}.Debug|x64.Deploy.0 = Debug|Any CPU
		{265E1A04-7B94-4A70-AAA9-FE891A60F439}.Debug|x86.ActiveCfg = Debug|Any CPU
		{265E1A04-7B94-4A70-AAA9-FE891A60F439}.Debug|x86.Build.0 = Debug|Any CPU
		{265E1A04-7B94-4A70-AAA9-FE891A60F439}.Debug|x86.Deploy.0 = Debug|Any CPU
		{265E1A04-7B94-4A70-AAA9-FE891A60F439}.Release|Any CPU.ActiveCfg = Release|Any CPU
		{265E1A04-7B94-4A70-AAA9-FE891A60F439}.Release|Any CPU.Build.0 = Release|Any CPU
		{265E1A04-7B94-4A70-AAA9-FE891A60F439}.Release|Any CPU.Deploy.0 = Release|Any CPU
		{265E1A04-7B94-4A70-AAA9-FE891A60F439}.Release|ARM.ActiveCfg = Release|Any CPU
		{265E1A04-7B94-4A70-AAA9-FE891A60F439}.Release|ARM.Build.0 = Release|Any CPU
		{265E1A04-7B94-4A70-AAA9-FE891A60F439}.Release|ARM.Deploy.0 = Release|Any CPU
		{265E1A04-7B94-4A70-AAA9-FE891A60F439}.Release|iPhone.ActiveCfg = Release|Any CPU
		{265E1A04-7B94-4A70-AAA9-FE891A60F439}.Release|iPhone.Build.0 = Release|Any CPU
		{265E1A04-7B94-4A70-AAA9-FE891A60F439}.Release|iPhone.Deploy.0 = Release|Any CPU
		{265E1A04-7B94-4A70-AAA9-FE891A60F439}.Release|iPhoneSimulator.ActiveCfg = Release|Any CPU
		{265E1A04-7B94-4A70-AAA9-FE891A60F439}.Release|iPhoneSimulator.Build.0 = Release|Any CPU
		{265E1A04-7B94-4A70-AAA9-FE891A60F439}.Release|iPhoneSimulator.Deploy.0 = Release|Any CPU
		{265E1A04-7B94-4A70-AAA9-FE891A60F439}.Release|x64.ActiveCfg = Release|Any CPU
		{265E1A04-7B94-4A70-AAA9-FE891A60F439}.Release|x64.Build.0 = Release|Any CPU
		{265E1A04-7B94-4A70-AAA9-FE891A60F439}.Release|x64.Deploy.0 = Release|Any CPU
		{265E1A04-7B94-4A70-AAA9-FE891A60F439}.Release|x86.ActiveCfg = Release|Any CPU
		{265E1A04-7B94-4A70-AAA9-FE891A60F439}.Release|x86.Build.0 = Release|Any CPU
		{265E1A04-7B94-4A70-AAA9-FE891A60F439}.Release|x86.Deploy.0 = Release|Any CPU
		{38C32071-5158-4BAB-AF02-686E25C02D13}.Ad-Hoc|Any CPU.ActiveCfg = Ad-Hoc|iPhone
		{38C32071-5158-4BAB-AF02-686E25C02D13}.Ad-Hoc|ARM.ActiveCfg = Ad-Hoc|iPhone
		{38C32071-5158-4BAB-AF02-686E25C02D13}.Ad-Hoc|iPhone.ActiveCfg = Ad-Hoc|iPhone
		{38C32071-5158-4BAB-AF02-686E25C02D13}.Ad-Hoc|iPhone.Build.0 = Ad-Hoc|iPhone
		{38C32071-5158-4BAB-AF02-686E25C02D13}.Ad-Hoc|iPhoneSimulator.ActiveCfg = Ad-Hoc|iPhoneSimulator
		{38C32071-5158-4BAB-AF02-686E25C02D13}.Ad-Hoc|iPhoneSimulator.Build.0 = Ad-Hoc|iPhoneSimulator
		{38C32071-5158-4BAB-AF02-686E25C02D13}.Ad-Hoc|x64.ActiveCfg = Ad-Hoc|iPhone
		{38C32071-5158-4BAB-AF02-686E25C02D13}.Ad-Hoc|x86.ActiveCfg = Ad-Hoc|iPhone
		{38C32071-5158-4BAB-AF02-686E25C02D13}.AppStore|Any CPU.ActiveCfg = AppStore|iPhone
		{38C32071-5158-4BAB-AF02-686E25C02D13}.AppStore|ARM.ActiveCfg = AppStore|iPhone
		{38C32071-5158-4BAB-AF02-686E25C02D13}.AppStore|iPhone.ActiveCfg = AppStore|iPhone
		{38C32071-5158-4BAB-AF02-686E25C02D13}.AppStore|iPhone.Build.0 = AppStore|iPhone
		{38C32071-5158-4BAB-AF02-686E25C02D13}.AppStore|iPhoneSimulator.ActiveCfg = AppStore|iPhoneSimulator
		{38C32071-5158-4BAB-AF02-686E25C02D13}.AppStore|iPhoneSimulator.Build.0 = AppStore|iPhoneSimulator
		{38C32071-5158-4BAB-AF02-686E25C02D13}.AppStore|x64.ActiveCfg = AppStore|iPhone
		{38C32071-5158-4BAB-AF02-686E25C02D13}.AppStore|x86.ActiveCfg = AppStore|iPhone
		{38C32071-5158-4BAB-AF02-686E25C02D13}.Debug|Any CPU.ActiveCfg = Debug|iPhone
		{38C32071-5158-4BAB-AF02-686E25C02D13}.Debug|ARM.ActiveCfg = Debug|iPhoneSimulator
		{38C32071-5158-4BAB-AF02-686E25C02D13}.Debug|ARM.Build.0 = Debug|iPhoneSimulator
		{38C32071-5158-4BAB-AF02-686E25C02D13}.Debug|iPhone.ActiveCfg = Debug|iPhone
		{38C32071-5158-4BAB-AF02-686E25C02D13}.Debug|iPhoneSimulator.ActiveCfg = Debug|iPhoneSimulator
		{38C32071-5158-4BAB-AF02-686E25C02D13}.Debug|iPhoneSimulator.Build.0 = Debug|iPhoneSimulator
		{38C32071-5158-4BAB-AF02-686E25C02D13}.Debug|x64.ActiveCfg = Debug|iPhone
		{38C32071-5158-4BAB-AF02-686E25C02D13}.Debug|x86.ActiveCfg = Debug|iPhone
		{38C32071-5158-4BAB-AF02-686E25C02D13}.Release|Any CPU.ActiveCfg = Debug|iPhoneSimulator
		{38C32071-5158-4BAB-AF02-686E25C02D13}.Release|Any CPU.Build.0 = Debug|iPhoneSimulator
		{38C32071-5158-4BAB-AF02-686E25C02D13}.Release|Any CPU.Deploy.0 = Debug|iPhoneSimulator
		{38C32071-5158-4BAB-AF02-686E25C02D13}.Release|ARM.ActiveCfg = Release|iPhone
		{38C32071-5158-4BAB-AF02-686E25C02D13}.Release|iPhone.ActiveCfg = Release|iPhone
		{38C32071-5158-4BAB-AF02-686E25C02D13}.Release|iPhone.Build.0 = Release|iPhone
		{38C32071-5158-4BAB-AF02-686E25C02D13}.Release|iPhoneSimulator.ActiveCfg = Debug|iPhoneSimulator
		{38C32071-5158-4BAB-AF02-686E25C02D13}.Release|iPhoneSimulator.Build.0 = Debug|iPhoneSimulator
		{38C32071-5158-4BAB-AF02-686E25C02D13}.Release|iPhoneSimulator.Deploy.0 = Debug|iPhoneSimulator
		{38C32071-5158-4BAB-AF02-686E25C02D13}.Release|x64.ActiveCfg = Release|iPhone
		{38C32071-5158-4BAB-AF02-686E25C02D13}.Release|x86.ActiveCfg = Release|iPhone
		{AE04A971-1D7C-4B5A-A5F0-F3AF82488332}.Ad-Hoc|Any CPU.ActiveCfg = Release|Any CPU
		{AE04A971-1D7C-4B5A-A5F0-F3AF82488332}.Ad-Hoc|Any CPU.Build.0 = Release|Any CPU
		{AE04A971-1D7C-4B5A-A5F0-F3AF82488332}.Ad-Hoc|Any CPU.Deploy.0 = Release|Any CPU
		{AE04A971-1D7C-4B5A-A5F0-F3AF82488332}.Ad-Hoc|ARM.ActiveCfg = Release|ARM
		{AE04A971-1D7C-4B5A-A5F0-F3AF82488332}.Ad-Hoc|ARM.Build.0 = Release|ARM
		{AE04A971-1D7C-4B5A-A5F0-F3AF82488332}.Ad-Hoc|ARM.Deploy.0 = Release|ARM
		{AE04A971-1D7C-4B5A-A5F0-F3AF82488332}.Ad-Hoc|iPhone.ActiveCfg = Release|Any CPU
		{AE04A971-1D7C-4B5A-A5F0-F3AF82488332}.Ad-Hoc|iPhone.Build.0 = Release|Any CPU
		{AE04A971-1D7C-4B5A-A5F0-F3AF82488332}.Ad-Hoc|iPhone.Deploy.0 = Release|Any CPU
		{AE04A971-1D7C-4B5A-A5F0-F3AF82488332}.Ad-Hoc|iPhoneSimulator.ActiveCfg = Release|Any CPU
		{AE04A971-1D7C-4B5A-A5F0-F3AF82488332}.Ad-Hoc|iPhoneSimulator.Build.0 = Release|Any CPU
		{AE04A971-1D7C-4B5A-A5F0-F3AF82488332}.Ad-Hoc|iPhoneSimulator.Deploy.0 = Release|Any CPU
		{AE04A971-1D7C-4B5A-A5F0-F3AF82488332}.Ad-Hoc|x64.ActiveCfg = Release|Any CPU
		{AE04A971-1D7C-4B5A-A5F0-F3AF82488332}.Ad-Hoc|x64.Build.0 = Release|Any CPU
		{AE04A971-1D7C-4B5A-A5F0-F3AF82488332}.Ad-Hoc|x64.Deploy.0 = Release|Any CPU
		{AE04A971-1D7C-4B5A-A5F0-F3AF82488332}.Ad-Hoc|x86.ActiveCfg = Release|x86
		{AE04A971-1D7C-4B5A-A5F0-F3AF82488332}.Ad-Hoc|x86.Build.0 = Release|x86
		{AE04A971-1D7C-4B5A-A5F0-F3AF82488332}.Ad-Hoc|x86.Deploy.0 = Release|x86
		{AE04A971-1D7C-4B5A-A5F0-F3AF82488332}.AppStore|Any CPU.ActiveCfg = Release|Any CPU
		{AE04A971-1D7C-4B5A-A5F0-F3AF82488332}.AppStore|Any CPU.Build.0 = Release|Any CPU
		{AE04A971-1D7C-4B5A-A5F0-F3AF82488332}.AppStore|Any CPU.Deploy.0 = Release|Any CPU
		{AE04A971-1D7C-4B5A-A5F0-F3AF82488332}.AppStore|ARM.ActiveCfg = Release|ARM
		{AE04A971-1D7C-4B5A-A5F0-F3AF82488332}.AppStore|ARM.Build.0 = Release|ARM
		{AE04A971-1D7C-4B5A-A5F0-F3AF82488332}.AppStore|ARM.Deploy.0 = Release|ARM
		{AE04A971-1D7C-4B5A-A5F0-F3AF82488332}.AppStore|iPhone.ActiveCfg = Release|Any CPU
		{AE04A971-1D7C-4B5A-A5F0-F3AF82488332}.AppStore|iPhone.Build.0 = Release|Any CPU
		{AE04A971-1D7C-4B5A-A5F0-F3AF82488332}.AppStore|iPhone.Deploy.0 = Release|Any CPU
		{AE04A971-1D7C-4B5A-A5F0-F3AF82488332}.AppStore|iPhoneSimulator.ActiveCfg = Release|Any CPU
		{AE04A971-1D7C-4B5A-A5F0-F3AF82488332}.AppStore|iPhoneSimulator.Build.0 = Release|Any CPU
		{AE04A971-1D7C-4B5A-A5F0-F3AF82488332}.AppStore|iPhoneSimulator.Deploy.0 = Release|Any CPU
		{AE04A971-1D7C-4B5A-A5F0-F3AF82488332}.AppStore|x64.ActiveCfg = Release|Any CPU
		{AE04A971-1D7C-4B5A-A5F0-F3AF82488332}.AppStore|x64.Build.0 = Release|Any CPU
		{AE04A971-1D7C-4B5A-A5F0-F3AF82488332}.AppStore|x64.Deploy.0 = Release|Any CPU
		{AE04A971-1D7C-4B5A-A5F0-F3AF82488332}.AppStore|x86.ActiveCfg = Release|x86
		{AE04A971-1D7C-4B5A-A5F0-F3AF82488332}.AppStore|x86.Build.0 = Release|x86
		{AE04A971-1D7C-4B5A-A5F0-F3AF82488332}.AppStore|x86.Deploy.0 = Release|x86
		{AE04A971-1D7C-4B5A-A5F0-F3AF82488332}.Debug|Any CPU.ActiveCfg = Debug|Any CPU
		{AE04A971-1D7C-4B5A-A5F0-F3AF82488332}.Debug|Any CPU.Build.0 = Debug|Any CPU
		{AE04A971-1D7C-4B5A-A5F0-F3AF82488332}.Debug|Any CPU.Deploy.0 = Debug|Any CPU
		{AE04A971-1D7C-4B5A-A5F0-F3AF82488332}.Debug|ARM.ActiveCfg = Debug|ARM
		{AE04A971-1D7C-4B5A-A5F0-F3AF82488332}.Debug|ARM.Build.0 = Debug|ARM
		{AE04A971-1D7C-4B5A-A5F0-F3AF82488332}.Debug|ARM.Deploy.0 = Debug|ARM
		{AE04A971-1D7C-4B5A-A5F0-F3AF82488332}.Debug|iPhone.ActiveCfg = Debug|Any CPU
		{AE04A971-1D7C-4B5A-A5F0-F3AF82488332}.Debug|iPhone.Build.0 = Debug|Any CPU
		{AE04A971-1D7C-4B5A-A5F0-F3AF82488332}.Debug|iPhone.Deploy.0 = Debug|Any CPU
		{AE04A971-1D7C-4B5A-A5F0-F3AF82488332}.Debug|iPhoneSimulator.ActiveCfg = Debug|Any CPU
		{AE04A971-1D7C-4B5A-A5F0-F3AF82488332}.Debug|iPhoneSimulator.Build.0 = Debug|Any CPU
		{AE04A971-1D7C-4B5A-A5F0-F3AF82488332}.Debug|iPhoneSimulator.Deploy.0 = Debug|Any CPU
		{AE04A971-1D7C-4B5A-A5F0-F3AF82488332}.Debug|x64.ActiveCfg = Debug|Any CPU
		{AE04A971-1D7C-4B5A-A5F0-F3AF82488332}.Debug|x64.Build.0 = Debug|Any CPU
		{AE04A971-1D7C-4B5A-A5F0-F3AF82488332}.Debug|x64.Deploy.0 = Debug|Any CPU
		{AE04A971-1D7C-4B5A-A5F0-F3AF82488332}.Debug|x86.ActiveCfg = Debug|x86
		{AE04A971-1D7C-4B5A-A5F0-F3AF82488332}.Debug|x86.Build.0 = Debug|x86
		{AE04A971-1D7C-4B5A-A5F0-F3AF82488332}.Debug|x86.Deploy.0 = Debug|x86
		{AE04A971-1D7C-4B5A-A5F0-F3AF82488332}.Release|Any CPU.ActiveCfg = Release|Any CPU
		{AE04A971-1D7C-4B5A-A5F0-F3AF82488332}.Release|Any CPU.Build.0 = Release|Any CPU
		{AE04A971-1D7C-4B5A-A5F0-F3AF82488332}.Release|Any CPU.Deploy.0 = Release|Any CPU
		{AE04A971-1D7C-4B5A-A5F0-F3AF82488332}.Release|ARM.ActiveCfg = Release|ARM
		{AE04A971-1D7C-4B5A-A5F0-F3AF82488332}.Release|ARM.Build.0 = Release|ARM
		{AE04A971-1D7C-4B5A-A5F0-F3AF82488332}.Release|ARM.Deploy.0 = Release|ARM
		{AE04A971-1D7C-4B5A-A5F0-F3AF82488332}.Release|iPhone.ActiveCfg = Release|Any CPU
		{AE04A971-1D7C-4B5A-A5F0-F3AF82488332}.Release|iPhone.Build.0 = Release|Any CPU
		{AE04A971-1D7C-4B5A-A5F0-F3AF82488332}.Release|iPhone.Deploy.0 = Release|Any CPU
		{AE04A971-1D7C-4B5A-A5F0-F3AF82488332}.Release|iPhoneSimulator.ActiveCfg = Release|Any CPU
		{AE04A971-1D7C-4B5A-A5F0-F3AF82488332}.Release|iPhoneSimulator.Build.0 = Release|Any CPU
		{AE04A971-1D7C-4B5A-A5F0-F3AF82488332}.Release|iPhoneSimulator.Deploy.0 = Release|Any CPU
		{AE04A971-1D7C-4B5A-A5F0-F3AF82488332}.Release|x64.ActiveCfg = Release|Any CPU
		{AE04A971-1D7C-4B5A-A5F0-F3AF82488332}.Release|x64.Build.0 = Release|Any CPU
		{AE04A971-1D7C-4B5A-A5F0-F3AF82488332}.Release|x64.Deploy.0 = Release|Any CPU
		{AE04A971-1D7C-4B5A-A5F0-F3AF82488332}.Release|x86.ActiveCfg = Release|x86
		{AE04A971-1D7C-4B5A-A5F0-F3AF82488332}.Release|x86.Build.0 = Release|x86
		{AE04A971-1D7C-4B5A-A5F0-F3AF82488332}.Release|x86.Deploy.0 = Release|x86
		{BEF3E88E-0152-4733-B17D-0673FADF47FF}.Ad-Hoc|Any CPU.ActiveCfg = Release|Any CPU
		{BEF3E88E-0152-4733-B17D-0673FADF47FF}.Ad-Hoc|Any CPU.Build.0 = Release|Any CPU
		{BEF3E88E-0152-4733-B17D-0673FADF47FF}.Ad-Hoc|Any CPU.Deploy.0 = Release|Any CPU
		{BEF3E88E-0152-4733-B17D-0673FADF47FF}.Ad-Hoc|ARM.ActiveCfg = Release|ARM
		{BEF3E88E-0152-4733-B17D-0673FADF47FF}.Ad-Hoc|ARM.Build.0 = Release|ARM
		{BEF3E88E-0152-4733-B17D-0673FADF47FF}.Ad-Hoc|ARM.Deploy.0 = Release|ARM
		{BEF3E88E-0152-4733-B17D-0673FADF47FF}.Ad-Hoc|iPhone.ActiveCfg = Release|Any CPU
		{BEF3E88E-0152-4733-B17D-0673FADF47FF}.Ad-Hoc|iPhone.Build.0 = Release|Any CPU
		{BEF3E88E-0152-4733-B17D-0673FADF47FF}.Ad-Hoc|iPhone.Deploy.0 = Release|Any CPU
		{BEF3E88E-0152-4733-B17D-0673FADF47FF}.Ad-Hoc|iPhoneSimulator.ActiveCfg = Release|Any CPU
		{BEF3E88E-0152-4733-B17D-0673FADF47FF}.Ad-Hoc|iPhoneSimulator.Build.0 = Release|Any CPU
		{BEF3E88E-0152-4733-B17D-0673FADF47FF}.Ad-Hoc|iPhoneSimulator.Deploy.0 = Release|Any CPU
		{BEF3E88E-0152-4733-B17D-0673FADF47FF}.Ad-Hoc|x64.ActiveCfg = Release|x64
		{BEF3E88E-0152-4733-B17D-0673FADF47FF}.Ad-Hoc|x64.Build.0 = Release|x64
		{BEF3E88E-0152-4733-B17D-0673FADF47FF}.Ad-Hoc|x64.Deploy.0 = Release|x64
		{BEF3E88E-0152-4733-B17D-0673FADF47FF}.Ad-Hoc|x86.ActiveCfg = Release|x86
		{BEF3E88E-0152-4733-B17D-0673FADF47FF}.Ad-Hoc|x86.Build.0 = Release|x86
		{BEF3E88E-0152-4733-B17D-0673FADF47FF}.Ad-Hoc|x86.Deploy.0 = Release|x86
		{BEF3E88E-0152-4733-B17D-0673FADF47FF}.AppStore|Any CPU.ActiveCfg = Release|Any CPU
		{BEF3E88E-0152-4733-B17D-0673FADF47FF}.AppStore|Any CPU.Build.0 = Release|Any CPU
		{BEF3E88E-0152-4733-B17D-0673FADF47FF}.AppStore|Any CPU.Deploy.0 = Release|Any CPU
		{BEF3E88E-0152-4733-B17D-0673FADF47FF}.AppStore|ARM.ActiveCfg = Release|ARM
		{BEF3E88E-0152-4733-B17D-0673FADF47FF}.AppStore|ARM.Build.0 = Release|ARM
		{BEF3E88E-0152-4733-B17D-0673FADF47FF}.AppStore|ARM.Deploy.0 = Release|ARM
		{BEF3E88E-0152-4733-B17D-0673FADF47FF}.AppStore|iPhone.ActiveCfg = Release|Any CPU
		{BEF3E88E-0152-4733-B17D-0673FADF47FF}.AppStore|iPhone.Build.0 = Release|Any CPU
		{BEF3E88E-0152-4733-B17D-0673FADF47FF}.AppStore|iPhone.Deploy.0 = Release|Any CPU
		{BEF3E88E-0152-4733-B17D-0673FADF47FF}.AppStore|iPhoneSimulator.ActiveCfg = Release|Any CPU
		{BEF3E88E-0152-4733-B17D-0673FADF47FF}.AppStore|iPhoneSimulator.Build.0 = Release|Any CPU
		{BEF3E88E-0152-4733-B17D-0673FADF47FF}.AppStore|iPhoneSimulator.Deploy.0 = Release|Any CPU
		{BEF3E88E-0152-4733-B17D-0673FADF47FF}.AppStore|x64.ActiveCfg = Release|x64
		{BEF3E88E-0152-4733-B17D-0673FADF47FF}.AppStore|x64.Build.0 = Release|x64
		{BEF3E88E-0152-4733-B17D-0673FADF47FF}.AppStore|x64.Deploy.0 = Release|x64
		{BEF3E88E-0152-4733-B17D-0673FADF47FF}.AppStore|x86.ActiveCfg = Release|x86
		{BEF3E88E-0152-4733-B17D-0673FADF47FF}.AppStore|x86.Build.0 = Release|x86
		{BEF3E88E-0152-4733-B17D-0673FADF47FF}.AppStore|x86.Deploy.0 = Release|x86
		{BEF3E88E-0152-4733-B17D-0673FADF47FF}.Debug|Any CPU.ActiveCfg = Debug|Any CPU
		{BEF3E88E-0152-4733-B17D-0673FADF47FF}.Debug|Any CPU.Build.0 = Debug|Any CPU
		{BEF3E88E-0152-4733-B17D-0673FADF47FF}.Debug|Any CPU.Deploy.0 = Debug|Any CPU
		{BEF3E88E-0152-4733-B17D-0673FADF47FF}.Debug|ARM.ActiveCfg = Debug|ARM
		{BEF3E88E-0152-4733-B17D-0673FADF47FF}.Debug|ARM.Build.0 = Debug|ARM
		{BEF3E88E-0152-4733-B17D-0673FADF47FF}.Debug|ARM.Deploy.0 = Debug|ARM
		{BEF3E88E-0152-4733-B17D-0673FADF47FF}.Debug|iPhone.ActiveCfg = Debug|Any CPU
		{BEF3E88E-0152-4733-B17D-0673FADF47FF}.Debug|iPhone.Build.0 = Debug|Any CPU
		{BEF3E88E-0152-4733-B17D-0673FADF47FF}.Debug|iPhone.Deploy.0 = Debug|Any CPU
		{BEF3E88E-0152-4733-B17D-0673FADF47FF}.Debug|iPhoneSimulator.ActiveCfg = Debug|Any CPU
		{BEF3E88E-0152-4733-B17D-0673FADF47FF}.Debug|iPhoneSimulator.Build.0 = Debug|Any CPU
		{BEF3E88E-0152-4733-B17D-0673FADF47FF}.Debug|iPhoneSimulator.Deploy.0 = Debug|Any CPU
		{BEF3E88E-0152-4733-B17D-0673FADF47FF}.Debug|x64.ActiveCfg = Debug|x64
		{BEF3E88E-0152-4733-B17D-0673FADF47FF}.Debug|x64.Build.0 = Debug|x64
		{BEF3E88E-0152-4733-B17D-0673FADF47FF}.Debug|x64.Deploy.0 = Debug|x64
		{BEF3E88E-0152-4733-B17D-0673FADF47FF}.Debug|x86.ActiveCfg = Debug|x86
		{BEF3E88E-0152-4733-B17D-0673FADF47FF}.Debug|x86.Build.0 = Debug|x86
		{BEF3E88E-0152-4733-B17D-0673FADF47FF}.Debug|x86.Deploy.0 = Debug|x86
		{BEF3E88E-0152-4733-B17D-0673FADF47FF}.Release|Any CPU.ActiveCfg = Release|Any CPU
		{BEF3E88E-0152-4733-B17D-0673FADF47FF}.Release|Any CPU.Build.0 = Release|Any CPU
		{BEF3E88E-0152-4733-B17D-0673FADF47FF}.Release|Any CPU.Deploy.0 = Release|Any CPU
		{BEF3E88E-0152-4733-B17D-0673FADF47FF}.Release|ARM.ActiveCfg = Release|ARM
		{BEF3E88E-0152-4733-B17D-0673FADF47FF}.Release|ARM.Build.0 = Release|ARM
		{BEF3E88E-0152-4733-B17D-0673FADF47FF}.Release|ARM.Deploy.0 = Release|ARM
		{BEF3E88E-0152-4733-B17D-0673FADF47FF}.Release|iPhone.ActiveCfg = Release|Any CPU
		{BEF3E88E-0152-4733-B17D-0673FADF47FF}.Release|iPhone.Build.0 = Release|Any CPU
		{BEF3E88E-0152-4733-B17D-0673FADF47FF}.Release|iPhone.Deploy.0 = Release|Any CPU
		{BEF3E88E-0152-4733-B17D-0673FADF47FF}.Release|iPhoneSimulator.ActiveCfg = Release|Any CPU
		{BEF3E88E-0152-4733-B17D-0673FADF47FF}.Release|iPhoneSimulator.Build.0 = Release|Any CPU
		{BEF3E88E-0152-4733-B17D-0673FADF47FF}.Release|iPhoneSimulator.Deploy.0 = Release|Any CPU
		{BEF3E88E-0152-4733-B17D-0673FADF47FF}.Release|x64.ActiveCfg = Release|x64
		{BEF3E88E-0152-4733-B17D-0673FADF47FF}.Release|x64.Build.0 = Release|x64
		{BEF3E88E-0152-4733-B17D-0673FADF47FF}.Release|x64.Deploy.0 = Release|x64
		{BEF3E88E-0152-4733-B17D-0673FADF47FF}.Release|x86.ActiveCfg = Release|x86
		{BEF3E88E-0152-4733-B17D-0673FADF47FF}.Release|x86.Build.0 = Release|x86
		{BEF3E88E-0152-4733-B17D-0673FADF47FF}.Release|x86.Deploy.0 = Release|x86
		{930AF388-CFC0-4D40-8BF6-864807E03601}.Ad-Hoc|Any CPU.ActiveCfg = Release|Any CPU
		{930AF388-CFC0-4D40-8BF6-864807E03601}.Ad-Hoc|Any CPU.Build.0 = Release|Any CPU
		{930AF388-CFC0-4D40-8BF6-864807E03601}.Ad-Hoc|ARM.ActiveCfg = Release|Any CPU
		{930AF388-CFC0-4D40-8BF6-864807E03601}.Ad-Hoc|ARM.Build.0 = Release|Any CPU
		{930AF388-CFC0-4D40-8BF6-864807E03601}.Ad-Hoc|iPhone.ActiveCfg = Release|Any CPU
		{930AF388-CFC0-4D40-8BF6-864807E03601}.Ad-Hoc|iPhone.Build.0 = Release|Any CPU
		{930AF388-CFC0-4D40-8BF6-864807E03601}.Ad-Hoc|iPhoneSimulator.ActiveCfg = Release|Any CPU
		{930AF388-CFC0-4D40-8BF6-864807E03601}.Ad-Hoc|iPhoneSimulator.Build.0 = Release|Any CPU
		{930AF388-CFC0-4D40-8BF6-864807E03601}.Ad-Hoc|x64.ActiveCfg = Release|Any CPU
		{930AF388-CFC0-4D40-8BF6-864807E03601}.Ad-Hoc|x64.Build.0 = Release|Any CPU
		{930AF388-CFC0-4D40-8BF6-864807E03601}.Ad-Hoc|x86.ActiveCfg = Release|Any CPU
		{930AF388-CFC0-4D40-8BF6-864807E03601}.Ad-Hoc|x86.Build.0 = Release|Any CPU
		{930AF388-CFC0-4D40-8BF6-864807E03601}.AppStore|Any CPU.ActiveCfg = Release|Any CPU
		{930AF388-CFC0-4D40-8BF6-864807E03601}.AppStore|Any CPU.Build.0 = Release|Any CPU
		{930AF388-CFC0-4D40-8BF6-864807E03601}.AppStore|ARM.ActiveCfg = Release|Any CPU
		{930AF388-CFC0-4D40-8BF6-864807E03601}.AppStore|ARM.Build.0 = Release|Any CPU
		{930AF388-CFC0-4D40-8BF6-864807E03601}.AppStore|iPhone.ActiveCfg = Release|Any CPU
		{930AF388-CFC0-4D40-8BF6-864807E03601}.AppStore|iPhone.Build.0 = Release|Any CPU
		{930AF388-CFC0-4D40-8BF6-864807E03601}.AppStore|iPhoneSimulator.ActiveCfg = Release|Any CPU
		{930AF388-CFC0-4D40-8BF6-864807E03601}.AppStore|iPhoneSimulator.Build.0 = Release|Any CPU
		{930AF388-CFC0-4D40-8BF6-864807E03601}.AppStore|x64.ActiveCfg = Release|Any CPU
		{930AF388-CFC0-4D40-8BF6-864807E03601}.AppStore|x64.Build.0 = Release|Any CPU
		{930AF388-CFC0-4D40-8BF6-864807E03601}.AppStore|x86.ActiveCfg = Release|Any CPU
		{930AF388-CFC0-4D40-8BF6-864807E03601}.AppStore|x86.Build.0 = Release|Any CPU
		{930AF388-CFC0-4D40-8BF6-864807E03601}.Debug|Any CPU.ActiveCfg = Debug|Any CPU
		{930AF388-CFC0-4D40-8BF6-864807E03601}.Debug|Any CPU.Build.0 = Debug|Any CPU
		{930AF388-CFC0-4D40-8BF6-864807E03601}.Debug|ARM.ActiveCfg = Debug|Any CPU
		{930AF388-CFC0-4D40-8BF6-864807E03601}.Debug|ARM.Build.0 = Debug|Any CPU
		{930AF388-CFC0-4D40-8BF6-864807E03601}.Debug|iPhone.ActiveCfg = Debug|Any CPU
		{930AF388-CFC0-4D40-8BF6-864807E03601}.Debug|iPhone.Build.0 = Debug|Any CPU
		{930AF388-CFC0-4D40-8BF6-864807E03601}.Debug|iPhoneSimulator.ActiveCfg = Debug|Any CPU
		{930AF388-CFC0-4D40-8BF6-864807E03601}.Debug|iPhoneSimulator.Build.0 = Debug|Any CPU
		{930AF388-CFC0-4D40-8BF6-864807E03601}.Debug|x64.ActiveCfg = Debug|Any CPU
		{930AF388-CFC0-4D40-8BF6-864807E03601}.Debug|x64.Build.0 = Debug|Any CPU
		{930AF388-CFC0-4D40-8BF6-864807E03601}.Debug|x86.ActiveCfg = Debug|Any CPU
		{930AF388-CFC0-4D40-8BF6-864807E03601}.Debug|x86.Build.0 = Debug|Any CPU
		{930AF388-CFC0-4D40-8BF6-864807E03601}.Release|Any CPU.ActiveCfg = Release|Any CPU
		{930AF388-CFC0-4D40-8BF6-864807E03601}.Release|Any CPU.Build.0 = Release|Any CPU
		{930AF388-CFC0-4D40-8BF6-864807E03601}.Release|ARM.ActiveCfg = Release|Any CPU
		{930AF388-CFC0-4D40-8BF6-864807E03601}.Release|ARM.Build.0 = Release|Any CPU
		{930AF388-CFC0-4D40-8BF6-864807E03601}.Release|iPhone.ActiveCfg = Release|Any CPU
		{930AF388-CFC0-4D40-8BF6-864807E03601}.Release|iPhone.Build.0 = Release|Any CPU
		{930AF388-CFC0-4D40-8BF6-864807E03601}.Release|iPhoneSimulator.ActiveCfg = Release|Any CPU
		{930AF388-CFC0-4D40-8BF6-864807E03601}.Release|iPhoneSimulator.Build.0 = Release|Any CPU
		{930AF388-CFC0-4D40-8BF6-864807E03601}.Release|x64.ActiveCfg = Release|Any CPU
		{930AF388-CFC0-4D40-8BF6-864807E03601}.Release|x64.Build.0 = Release|Any CPU
		{930AF388-CFC0-4D40-8BF6-864807E03601}.Release|x86.ActiveCfg = Release|Any CPU
		{930AF388-CFC0-4D40-8BF6-864807E03601}.Release|x86.Build.0 = Release|Any CPU
	EndGlobalSection
	GlobalSection(SolutionProperties) = preSolution
		HideSolutionNode = FALSE
	EndGlobalSection
EndGlobal
